github.com/btcsuite/btcd/btcec/v2 v2.3.2 h1:5n0X6hX0esk+OnLvqLEJwU5i/9Y2UcNsL7RPrsPSA8=
github.com/btcsuite/btcd/btcec/v2 v2.3.2/go.mod h1:zYzJ8etWJQIv1Ogk7OzpWjowwOdXY1W/17j2MW85J0=
github.com/decred/dcrd/dcrec/secp256k1/v4 v4.3.0 h1:rpfsAWf3bMKV7U2g3g9c8mMKs5WnJ6pPxDFvWLqBZU=
github.com/decred/dcrd/dcrec/secp256k1/v4 v4.3.0/go.mod h1:v57UDF4pDQJcEfFUCRop3lJL149e0AwWe39LbW73L8=
github.com/joho/godotenv v1.5.1 h1:7P4SfwW0WvA4DF3GuG3SmnRrTiO7Z8oRnOZnVQD+Ro=
github.com/joho/godotenv v1.5.1/go.mod h1:f4LDr5Voq0i2e/R5DDNOoa2zzDfwtkZa49BN+Dl96o=
github.com/klauspost/compress v1.17.4 h1:Ej5ixsIri7BrIjLkWQsfPj/TPTZieXMg3FRTZvyyKw=
github.com/klauspost/compress v1.17.4/go.mod h1:/dCuZOvVtNoUJvgkbk5kCNDT56wyoIaIFxF/+DLHUw=
github.com/mailru/easyjson v0.7.7 h1:UGYAvKxe3sBsEDzO8ZeWOSlIQfXNInVBVI1nKl9AIc=
github.com/mailru/easyjson v0.7.7/go.mod h1:xzfreul335dEnBlQtPJYnMrlbtFCVzebNs9zRU8qLQ=
github.com/nbd-wtf/go-nostr v0.40.0 h1:IHk2CYyUh/aMKjOo5RajnqoMVQXL8iIV8rMTOcM7LI=
github.com/nbd-wtf/go-nostr v0.40.0/go.mod h1:27t/8E1KKkZB+rZwYBfbVaWLnr0MeqaFn5p0DkA+gU=
github.com/valyala/bytebufferpool v1.0.0 h1:GqA5TC/0021Y+f473FWNM7mDyFC/+5goto6cqWjJVo=
github.com/valyala/bytebufferpool v1.0.0/go.mod h1:6bBcTDhx42ID0objEQvQUOM73lrPIAIWfkHkDMupqo=
github.com/valyala/fasthttp v1.52.0 h1:Z8m9i/lOKPoBVtlbH2CwRf8NyWiZS5WeG3DZCqWXa4=
github.com/valyala/fasthttp v1.52.0/go.mod h1:BaQfN2L6gG/PcxhJE/nuyWcSbrw7545cWasPcY/O/0=
github.com/valyala/fastjson v1.6.4 h1:uAUNq5dBAGeisf5yuy0EKvaQkrYSOrVnF38+33jh3A=
github.com/valyala/fastjson v1.6.4/go.mod h1:CLCAqky6SMuOvHFAF0DfIcimw+eyHmAEm/6i1t0IYo=
golang.org/x/crypto v0.21.0 h1:X31++rzVH6dBTM5vccgclTG5K8l/tSEbjfn7j2ZY0c=
golang.org/x/crypto v0.21.0/go.mod h1:4yiopYLlrMjOMUvstgAAabqfRdMu2Z3+OwYambuI60=
gopkg.in/yaml.v3 v3.0.1 h1:fxVm/GzulhFknWhAHYYRnjnlBLhr1AH6KzWjPs1rS8=
gopkg.in/yaml.v3 v3.0.1/go.mod h1:K4uyk+87IQUfKWJ2CzQ8E+ARc0nW/T7R+kCVVcS5sI=
